
Microsoft Visual Studio Solution File, Format Version 12.00
# Visual Studio Version 17
VisualStudioVersion = 17.7.34221.43
MinimumVisualStudioVersion = 10.0.40219.1
Project("{FAE04EC0-301F-11D3-BF4B-00C04F79EFBC}") = "231. Power of Two", "231. Power of Two\231. Power of Two.csproj", "{0417CC3B-EBF9-490A-9471-CF993B7967CF}"
EndProject
Global
	GlobalSection(SolutionConfigurationPlatforms) = preSolution
		Debug|Any CPU = Debug|Any CPU
		Release|Any CPU = Release|Any CPU
	EndGlobalSection
	GlobalSection(ProjectConfigurationPlatforms) = postSolution
		{0417CC3B-EBF9-490A-9471-CF993B7967CF}.Debug|Any CPU.ActiveCfg = Debug|Any CPU
		{0417CC3B-EBF9-490A-9471-CF993B7967CF}.Debug|Any CPU.Build.0 = Debug|Any CPU
		{0417CC3B-EBF9-490A-9471-CF993B7967CF}.Release|Any CPU.ActiveCfg = Release|Any CPU
		{0417CC3B-EBF9-490A-9471-CF993B7967CF}.Release|Any CPU.Build.0 = Release|Any CPU
	EndGlobalSection
	GlobalSection(SolutionProperties) = preSolution
		HideSolutionNode = FALSE
	EndGlobalSection
	GlobalSection(ExtensibilityGlobals) = postSolution
		SolutionGuid = {201210CA-E10F-47A0-9A58-DDF7E39F86C3}
	EndGlobalSection
EndGlobal
