
Microsoft Visual Studio Solution File, Format Version 12.00
# Visual Studio Version 17
VisualStudioVersion = 17.7.34221.43
MinimumVisualStudioVersion = 10.0.40219.1
Project("{FAE04EC0-301F-11D3-BF4B-00C04F79EFBC}") = "202.HappyNummber", "202.HappyNummber\202.HappyNummber.csproj", "{CEB0BB16-5FDD-4D30-AC2F-1127A92BBC6F}"
EndProject
Global
	GlobalSection(SolutionConfigurationPlatforms) = preSolution
		Debug|Any CPU = Debug|Any CPU
		Release|Any CPU = Release|Any CPU
	EndGlobalSection
	GlobalSection(ProjectConfigurationPlatforms) = postSolution
		{CEB0BB16-5FDD-4D30-AC2F-1127A92BBC6F}.Debug|Any CPU.ActiveCfg = Debug|Any CPU
		{CEB0BB16-5FDD-4D30-AC2F-1127A92BBC6F}.Debug|Any CPU.Build.0 = Debug|Any CPU
		{CEB0BB16-5FDD-4D30-AC2F-1127A92BBC6F}.Release|Any CPU.ActiveCfg = Release|Any CPU
		{CEB0BB16-5FDD-4D30-AC2F-1127A92BBC6F}.Release|Any CPU.Build.0 = Release|Any CPU
	EndGlobalSection
	GlobalSection(SolutionProperties) = preSolution
		HideSolutionNode = FALSE
	EndGlobalSection
	GlobalSection(ExtensibilityGlobals) = postSolution
		SolutionGuid = {6ED7EA07-947A-4680-A9A8-445C3E2B9143}
	EndGlobalSection
EndGlobal
